# Reproducible build lock for the Outcome Graph Apache AGE image (GA Task 1A).
#
# Records the exact, independently reproducible inputs to ./Dockerfile and
# the outputs of the last build attempt against it.  Every value below is
# either:
#   - a real digest independently verified by the commands in
#     agentatlas-enterprise/evidence/2026.2-lts/ga-task-1a/verify-commands.txt
#     (never fetched by this file itself — build.lock.yaml is data, not
#     automation), or
#   - explicitly marked pending with the exact reason evidence could not be
#     produced in the build environment.
#
# Nothing here is a placeholder or fabricated digest. This is the [core]
# counterpart consumed by [enterprise] contracts/ga-manifest.yaml
# outcome_graph.graph_postgres_image / outcome_graph.age — the two files
# must be updated together.
schema_version: 1

image:
  name: agentatlas/age-postgres17
  tag: "1.6.0"
  # OCI image index digest of the image actually produced by the build
  # command below. BUILT 2026-07-14: the docker buildx --sbom=true
  # --provenance=true build succeeded with a host-networked docker-container
  # builder pushing to a local registry:2. Read back with `docker buildx
  # imagetools inspect` (top-level Digest, mediaType oci.image.index) and
  # independently re-confirmed via `docker pull` + `.RepoDigests`. The image
  # was RUN and Apache AGE confirmed loadable before this digest was recorded
  # (extversion 1.6.0; LOAD 'age'; create_graph('outcomegraph'); a full
  # Cypher CREATE/MATCH write-read-traverse round-trip; PostgreSQL 17.10) —
  # see evidence/2026.2-lts/ga-task-1a/notes.md and the build/verify logs.
  digest: "sha256:295b647399f118989ba24e60ac06429a197d15cf54e49121943b2bb66dd85270"
  pending: false
  built:
    date: "2026-07-14"
    builder: "docker buildx docker-container driver, --driver-opt network=host"
    # Earlier the default `docker` buildx driver rejected --sbom/--provenance
    # ("Attestation is not supported for the docker driver"); a
    # docker-container builder with host networking (so it can reach the
    # host-published local registry) resolved it. No AGE/PG17 compile error
    # ever occurred; the AGE source sha256 `sha256sum -c` gate passed in-build.
    amd64_image_manifest: "sha256:4a349ca3a6fc6ceb7f5b88c79b852b88d779e2725a413b5bb45e8796f0dd0845"
    config: "sha256:cb9304fe9899d9ebd2aaffa740c25251a25772e8af3a26d26b6b6a83b377fdc2"
    attestation_manifest: "sha256:c5cb78ad24f521ec35ec9ba5c2b2248822c64cffa47f1c8ce80f2f0ab780d681"
  # Not bit-for-bit reproducible across days: the apt toolchain is unpinned
  # (see reproducibility_notes), so the image config `created` timestamp — and
  # thus this index digest — is fresh per build (an earlier successful-compile
  # attempt produced a different provisional digest). The guarantee is "built
  # from the pinned base image + checksum-verified AGE source", not "identical
  # digest every build"; full bit-reproducibility remains a Task 22 item.
  registry: "local buildx docker-container builder pushed to a local registry:2 (not a remote/public registry)"

base_image:
  ref: "postgres:17"
  digest: "sha256:0af65001d05296a2ead57ac4a6412433d8913d1bb5d0c88435a7d1e1ee5cb04b"
  digest_kind: "OCI image index (multi-arch manifest list)"
  resolved_via: >-
    docker pull postgres:17 && docker inspect --format
    '{{index .RepoDigests 0}}' postgres:17
  # This is the SAME digest agentatlas-enterprise/contracts/ga-manifest.yaml
  # pins as outcome_graph.authoritative_postgres_image.digest. Sharing a
  # base-image digest is not a "dual role" violation by itself: the rule in
  # Task 1A is that the *authoritative* endpoint and the *graph* endpoint
  # must never be the SAME running database/image. This Dockerfile's build
  # stage starts FROM that same public upstream base and then compiles and
  # bakes in the Apache AGE extension, producing a distinct final image
  # (image.digest above, once built) that is never used as the authoritative
  # store. verify.go's outcome_graph policy compares
  # authoritative_postgres_image.digest against graph_postgres_image.digest
  # (the FINAL age-postgres17 image, not this base), so the two remain
  # independent for policy purposes even though both start from the same
  # public upstream base layer.

age:
  release: "1.6.0"
  upstream_repo: "https://github.com/apache/age.git"
  upstream_tag: "PG17/v1.6.0-rc0"
  upstream_commit: "54905a09bf8462f22a87c3adfd2ab5752e5c1e71"
  upstream_target_branch: "release/PG17/1.6.0"
  license: "Apache-2.0"
  source_url: "https://github.com/apache/age/releases/download/PG17/v1.6.0-rc0/apache-age-1.6.0-src.tar.gz"
  source_sha256: "sha256:57c7187a37942f1b6208e1f68caafcb7374f8bedaabad162c8760adb44ae9ffe"
  source_size_bytes: 5483675
  source_verified_via: >-
    curl -fsSL -o apache-age-1.6.0-src.tar.gz <source_url> && sha256sum
    apache-age-1.6.0-src.tar.gz; independently matches the sha256 GitHub
    recorded for release asset id 296121326 at
    https://api.github.com/repos/apache/age/releases/tags/PG17%2Fv1.6.0-rc0
  compatibility_note: >-
    Apache AGE maintains separate per-PostgreSQL-major release branches
    (PG11..PG18) rather than one release spanning every major. 1.6.0 for
    PG17 is a dedicated, separately tagged, published release (not a
    backport or unofficial patch): tag PG17/v1.6.0-rc0, published
    2025-09-22T19:16:21Z, "Release v1.6.0 for PG17", non-draft,
    non-prerelease per the GitHub Releases API. This resolves the GA plan's
    required PG17/AGE-1.6.0 compatibility check affirmatively: the pinned
    tuple is upstream-supported, not a plan/tuple conflict. Verified via
    `gh api repos/apache/age/releases/tags/PG17%2Fv1.6.0-rc0` and
    `gh api repos/apache/age/tags` (both recorded in verify-commands.txt).

build:
  postgres_major: 17
  dockerfile: "Dockerfile"
  build_context: "services/agentatlas/deploy/images/age"
  platforms:
    - "linux/amd64"
  # linux/arm64 is declared in agentatlas-enterprise contracts/ga-manifest.yaml
  # platform_matrix as "planned-not-ga" (matching the existing linux-compose
  # platform entry), so it is not required to be built/tested for this GA
  # revision; the base postgres:17 image digest above is a multi-arch index
  # that already covers arm64 for when that architecture is promoted.
  # The successful 2026-07-14 build. --load cannot carry attestations, so the
  # attested image is produced with `--push` to a local registry from a
  # host-networked docker-container builder (the only combination that both
  # emits --sbom/--provenance AND lets buildkit reach the host registry):
  #   docker buildx create --name agebuilder --driver docker-container \
  #     --driver-opt network=host --bootstrap --use
  #   docker run -d --rm -p 5001:5000 --name agereg registry:2
  #   docker buildx build --builder agebuilder --sbom=true --provenance=true \
  #     --platform linux/amd64 -t localhost:5001/age-postgres17:1.6.0 --push \
  #     -f Dockerfile .
  command: >-
    docker buildx build --builder agebuilder --sbom=true --provenance=true
    --platform linux/amd64 -t localhost:5001/age-postgres17:1.6.0 --push
    -f Dockerfile .
  sbom:
    generated: true
    # SPDX (https://spdx.dev/Document) SBOM attestation layer (7MB SPDX doc),
    # layers[0] of the attestation manifest image.built.attestation_manifest.
    # Read via `docker buildx imagetools inspect <image> --raw` + the layer
    # predicate-type; cross-checked with `--format "{{json .SBOM}}"`.
    digest: "sha256:0a84bdd4f59fd9936816ffd1606b8831761d3bb435f22ff605cdf77c57339c33"
    pending: false
  provenance:
    generated: true
    # SLSA v1 (https://slsa.dev/provenance/v1) build-provenance attestation
    # layer (62KB, buildType/builder/runDetails), layers[1] of the same
    # attestation manifest. Cross-checked with `--format "{{json .Provenance}}"`.
    digest: "sha256:de8122acdebc59d7938b84aafe740563548dc55c2497aff554a61f1bce3e17f8"
    pending: false

reproducibility_notes: >-
  Bit-for-bit reproducibility of the compiled AGE layer is NOT yet
  guaranteed by this revision, despite this file's name. The inputs that
  ARE pinned and content-addressed: the base image (base_image.digest, an
  exact OCI index digest) and the Apache AGE source archive
  (age.source_sha256, checksum-gated in the Dockerfile via `sha256sum -c`
  before extraction). What is NOT pinned: the Debian apt packages the build
  stage installs (bison, flex, build-essential, postgresql-server-dev-17
  and their transitive LLVM/Clang toolchain) are resolved as "latest in the
  configured suite at build time", so the compiler/toolchain versions —
  and therefore the exact bytes of the produced age.so — can drift between
  builds run on different days. This matches upstream: Apache AGE's own
  reference docker/Dockerfile also does not pin apt versions. Deliberately
  NOT fixed here (pinning would add a Debian snapshot repo the upstream
  recipe doesn't use). The image is now BUILT and pinned by digest, but that
  digest is this-build-specific, not bit-reproducible across days. For Task 22 (the
  GA acceptance/reproducibility gate), full bit-reproducibility would
  require: (a) pinning apt to a snapshot.debian.org timestamp (or an
  internal frozen mirror) so the toolchain is deterministic, (b) recording
  the resolved package versions in this file, and (c) building with
  SOURCE_DATE_EPOCH set and buildx's reproducible options. Until then, the
  guarantee this file provides is "same pinned base image + same verified
  AGE source", not "identical output digest on every build". See
  agentatlas-enterprise evidence/2026.2-lts/ga-task-1a/notes.md (MINOR-3).

verification:
  # Exact commands recorded in agentatlas-enterprise
  # evidence/2026.2-lts/ga-task-1a/verify-commands.txt; duplicated here only
  # as pointers so this lock file is self-describing without re-deriving
  # any digest.
  base_image_digest_command: "docker pull postgres:17; docker inspect --format '{{index .RepoDigests 0}}' postgres:17"
  age_source_digest_command: "curl -fsSL -o apache-age-1.6.0-src.tar.gz <source_url> && sha256sum apache-age-1.6.0-src.tar.gz"
  image_build_command: "docker buildx build --builder agebuilder --sbom=true --provenance=true --platform linux/amd64 -t localhost:5001/age-postgres17:1.6.0 --push -f Dockerfile ."
  image_digest_command: "docker buildx imagetools inspect localhost:5001/age-postgres17:1.6.0  # top-level 'Digest:' is image.digest"
  attestation_digests_command: "docker buildx imagetools inspect localhost:5001/age-postgres17:1.6.0@<attestation_manifest> --raw  # layers[].digest + in-toto.io/predicate-type label SBOM (spdx.dev/Document) vs provenance (slsa.dev/provenance/v1)"
  functional_verification:
    # Ran the built image and confirmed Apache AGE is genuinely loadable
    # before recording the digest (see evidence/2026.2-lts/ga-task-1a/).
    command: "docker run -d --rm -e POSTGRES_PASSWORD=test -p 5455:5432 localhost:5001/age-postgres17:1.6.0; psql: CREATE EXTENSION age; LOAD 'age'; ag_catalog.create_graph('outcomegraph'); Cypher CREATE/MATCH"
    age_extversion: "1.6.0"
    result: "pg_extension.extversion=1.6.0; create_graph + a Cypher CREATE (alice)-[:KNOWS]->(bob) / MATCH traverse round-trip succeeded on PostgreSQL 17.10"
    # Smoke-test gotcha for Task 0I / Task 22: Apache AGE 1.6.0's create_graph
    # REJECTS graph names shorter than 3 characters ("ERROR: graph name is
    # invalid"). Use a >=3-char name (e.g. 'outcomegraph') in any GA
    # verification/smoke script — a name like 'g' spuriously fails on a
    # correct build. The image's own initdb bootstrap only does CREATE
    # EXTENSION / LOAD, so the container still boots cleanly.
    graph_name_min_length: 3
